
Microsoft Visual Studio Solution File, Format Version 12.00
# Visual Studio Version 17
VisualStudioVersion = 17.3.32922.545
MinimumVisualStudioVersion = 10.0.40219.1
Project("{FAE04EC0-301F-11D3-BF4B-00C04F79EFBC}") = "ServerApp", "ServerApp\ServerApp.csproj", "{DB2F6C75-9246-47D9-9BFA-B4569B5D3DDA}"
EndProject
Global
	GlobalSection(SolutionConfigurationPlatforms) = preSolution
		Debug|Any CPU = Debug|Any CPU
		Release|Any CPU = Release|Any CPU
	EndGlobalSection
	GlobalSection(ProjectConfigurationPlatforms) = postSolution
		{DB2F6C75-9246-47D9-9BFA-B4569B5D3DDA}.Debug|Any CPU.ActiveCfg = Debug|Any CPU
		{DB2F6C75-9246-47D9-9BFA-B4569B5D3DDA}.Debug|Any CPU.Build.0 = Debug|Any CPU
		{DB2F6C75-9246-47D9-9BFA-B4569B5D3DDA}.Release|Any CPU.ActiveCfg = Release|Any CPU
		{DB2F6C75-9246-47D9-9BFA-B4569B5D3DDA}.Release|Any CPU.Build.0 = Release|Any CPU
	EndGlobalSection
	GlobalSection(SolutionProperties) = preSolution
		HideSolutionNode = FALSE
	EndGlobalSection
	GlobalSection(ExtensibilityGlobals) = postSolution
		SolutionGuid = {6B930284-B143-4960-9465-DC52BD013032}
	EndGlobalSection
EndGlobal
